{
  "name": "@fnando/password_strength",
  "version": "1.1.4",
  "lockfileVersion": 1,
  "requires": true,
  "dependencies": {
    "jquery": {
      "version": "2.2.4",
      "resolved": "https://registry.npmjs.org/jquery/-/jquery-2.2.4.tgz",
      "integrity": "sha1-LInWiJterFIqfuoywUUhVZxsvwI=",
      "dev": true
    },
    "qunitjs": {
      "version": "1.23.1",
      "resolved": "https://registry.npmjs.org/qunitjs/-/qunitjs-1.23.1.tgz",
      "integrity": "sha1-GXHPl6yb4Bpk0jFVCNLkjm/U5xk=",
      "dev": true
    }
  }
}
